// !$*UTF8*$!
{
	archiveVersion = 1;
	classes = {
	};
	objectVersion = 50;
	objects = {

/* Begin PBXBuildFile section */
		830CE8ECD0A2FB8713E8BA3F /* libPods-GitHubSignup-Example.a in Frameworks */ = {isa = PBXBuildFile; fileRef = 6F81A41AAA361ED67AF63F11 /* libPods-GitHubSignup-Example.a */; };
		848C2D7C58DFFA78354F75A3 /* libPods-GitHubSignup-ExampleUITests.a in Frameworks */ = {isa = PBXBuildFile; fileRef = D60B6A811489F5FAD3CC2391 /* libPods-GitHubSignup-ExampleUITests.a */; };
		87285853AE8FC1EF2474481B /* libPods-GitHubSignup-ExampleTests.a in Frameworks */ = {isa = PBXBuildFile; fileRef = EB804C01233C52BC98F7E0FB /* libPods-GitHubSignup-ExampleTests.a */; };
		B258EA3B215A414100DE287C /* AppDelegate.swift in Sources */ = {isa = PBXBuildFile; fileRef = B258EA3A215A414100DE287C /* AppDelegate.swift */; };
		B258EA3D215A414100DE287C /* GitHubSignupViewController1.swift in Sources */ = {isa = PBXBuildFile; fileRef = B258EA3C215A414100DE287C /* GitHubSignupViewController1.swift */; };
		B258EA40215A414100DE287C /* Main.storyboard in Resources */ = {isa = PBXBuildFile; fileRef = B258EA3E215A414100DE287C /* Main.storyboard */; };
		B258EA42215A414100DE287C /* Assets.xcassets in Resources */ = {isa = PBXBuildFile; fileRef = B258EA41215A414100DE287C /* Assets.xcassets */; };
		B258EA45215A414100DE287C /* LaunchScreen.storyboard in Resources */ = {isa = PBXBuildFile; fileRef = B258EA43215A414100DE287C /* LaunchScreen.storyboard */; };
		B258EA50215A414100DE287C /* GitHubSignup_ExampleTests.swift in Sources */ = {isa = PBXBuildFile; fileRef = B258EA4F215A414100DE287C /* GitHubSignup_ExampleTests.swift */; };
		B258EA5B215A414100DE287C /* GitHubSignup_ExampleUITests.swift in Sources */ = {isa = PBXBuildFile; fileRef = B258EA5A215A414100DE287C /* GitHubSignup_ExampleUITests.swift */; };
		B258EA6A215A554400DE287C /* ValidationResult.swift in Sources */ = {isa = PBXBuildFile; fileRef = B258EA69215A554400DE287C /* ValidationResult.swift */; };
		B258EA6C215A5B3500DE287C /* GithubSignupViewModel1.swift in Sources */ = {isa = PBXBuildFile; fileRef = B258EA6B215A5B3500DE287C /* GithubSignupViewModel1.swift */; };
		B258EA70215A5E6100DE287C /* GitHub.swift in Sources */ = {isa = PBXBuildFile; fileRef = B258EA6F215A5E6100DE287C /* GitHub.swift */; };
		B258EA72215A5FAB00DE287C /* Wireframe.swift in Sources */ = {isa = PBXBuildFile; fileRef = B258EA71215A5FAB00DE287C /* Wireframe.swift */; };
		B258EA74215A6A0000DE287C /* DefaultImplementations.swift in Sources */ = {isa = PBXBuildFile; fileRef = B258EA73215A6A0000DE287C /* DefaultImplementations.swift */; };
		B258EA76215A6FBE00DE287C /* Swift.swift in Sources */ = {isa = PBXBuildFile; fileRef = B258EA75215A6FBE00DE287C /* Swift.swift */; };
/* End PBXBuildFile section */

/* Begin PBXContainerItemProxy section */
		B258EA4C215A414100DE287C /* PBXContainerItemProxy */ = {
			isa = PBXContainerItemProxy;
			containerPortal = B258EA2F215A414000DE287C /* Project object */;
			proxyType = 1;
			remoteGlobalIDString = B258EA36215A414100DE287C;
			remoteInfo = "GitHubSignup-Example";
		};
		B258EA57215A414100DE287C /* PBXContainerItemProxy */ = {
			isa = PBXContainerItemProxy;
			containerPortal = B258EA2F215A414000DE287C /* Project object */;
			proxyType = 1;
			remoteGlobalIDString = B258EA36215A414100DE287C;
			remoteInfo = "GitHubSignup-Example";
		};
/* End PBXContainerItemProxy section */

/* Begin PBXFileReference section */
		181A77F7A71C1D2D909ACFBF /* Pods-GitHubSignup-ExampleTests.debug.xcconfig */ = {isa = PBXFileReference; includeInIndex = 1; lastKnownFileType = text.xcconfig; name = "Pods-GitHubSignup-ExampleTests.debug.xcconfig"; path = "Pods/Target Support Files/Pods-GitHubSignup-ExampleTests/Pods-GitHubSignup-ExampleTests.debug.xcconfig"; sourceTree = "<group>"; };
		2E54A6F7966312900D18B08D /* Pods-GitHubSignup-Example.debug.xcconfig */ = {isa = PBXFileReference; includeInIndex = 1; lastKnownFileType = text.xcconfig; name = "Pods-GitHubSignup-Example.debug.xcconfig"; path = "Pods/Target Support Files/Pods-GitHubSignup-Example/Pods-GitHubSignup-Example.debug.xcconfig"; sourceTree = "<group>"; };
		519BB24BDC4ECDDC5E24BC61 /* Pods-GitHubSignup-Example.release.xcconfig */ = {isa = PBXFileReference; includeInIndex = 1; lastKnownFileType = text.xcconfig; name = "Pods-GitHubSignup-Example.release.xcconfig"; path = "Pods/Target Support Files/Pods-GitHubSignup-Example/Pods-GitHubSignup-Example.release.xcconfig"; sourceTree = "<group>"; };
		6201436823D025D9FC105823 /* Pods-GitHubSignup-ExampleTests.release.xcconfig */ = {isa = PBXFileReference; includeInIndex = 1; lastKnownFileType = text.xcconfig; name = "Pods-GitHubSignup-ExampleTests.release.xcconfig"; path = "Pods/Target Support Files/Pods-GitHubSignup-ExampleTests/Pods-GitHubSignup-ExampleTests.release.xcconfig"; sourceTree = "<group>"; };
		6F81A41AAA361ED67AF63F11 /* libPods-GitHubSignup-Example.a */ = {isa = PBXFileReference; explicitFileType = archive.ar; includeInIndex = 0; path = "libPods-GitHubSignup-Example.a"; sourceTree = BUILT_PRODUCTS_DIR; };
		9EB0F398CE93E0E88B0A0FC8 /* Pods-GitHubSignup-ExampleUITests.debug.xcconfig */ = {isa = PBXFileReference; includeInIndex = 1; lastKnownFileType = text.xcconfig; name = "Pods-GitHubSignup-ExampleUITests.debug.xcconfig"; path = "Pods/Target Support Files/Pods-GitHubSignup-ExampleUITests/Pods-GitHubSignup-ExampleUITests.debug.xcconfig"; sourceTree = "<group>"; };
		B258EA37215A414100DE287C /* GitHubSignup-Example.app */ = {isa = PBXFileReference; explicitFileType = wrapper.application; includeInIndex = 0; path = "GitHubSignup-Example.app"; sourceTree = BUILT_PRODUCTS_DIR; };
		B258EA3A215A414100DE287C /* AppDelegate.swift */ = {isa = PBXFileReference; lastKnownFileType = sourcecode.swift; path = AppDelegate.swift; sourceTree = "<group>"; };
		B258EA3C215A414100DE287C /* GitHubSignupViewController1.swift */ = {isa = PBXFileReference; lastKnownFileType = sourcecode.swift; path = GitHubSignupViewController1.swift; sourceTree = "<group>"; };
		B258EA3F215A414100DE287C /* Base */ = {isa = PBXFileReference; lastKnownFileType = file.storyboard; name = Base; path = Base.lproj/Main.storyboard; sourceTree = "<group>"; };
		B258EA41215A414100DE287C /* Assets.xcassets */ = {isa = PBXFileReference; lastKnownFileType = folder.assetcatalog; path = Assets.xcassets; sourceTree = "<group>"; };
		B258EA44215A414100DE287C /* Base */ = {isa = PBXFileReference; lastKnownFileType = file.storyboard; name = Base; path = Base.lproj/LaunchScreen.storyboard; sourceTree = "<group>"; };
		B258EA46215A414100DE287C /* Info.plist */ = {isa = PBXFileReference; lastKnownFileType = text.plist.xml; path = Info.plist; sourceTree = "<group>"; };
		B258EA4B215A414100DE287C /* GitHubSignup-ExampleTests.xctest */ = {isa = PBXFileReference; explicitFileType = wrapper.cfbundle; includeInIndex = 0; path = "GitHubSignup-ExampleTests.xctest"; sourceTree = BUILT_PRODUCTS_DIR; };
		B258EA4F215A414100DE287C /* GitHubSignup_ExampleTests.swift */ = {isa = PBXFileReference; lastKnownFileType = sourcecode.swift; path = GitHubSignup_ExampleTests.swift; sourceTree = "<group>"; };
		B258EA51215A414100DE287C /* Info.plist */ = {isa = PBXFileReference; lastKnownFileType = text.plist.xml; path = Info.plist; sourceTree = "<group>"; };
		B258EA56215A414100DE287C /* GitHubSignup-ExampleUITests.xctest */ = {isa = PBXFileReference; explicitFileType = wrapper.cfbundle; includeInIndex = 0; path = "GitHubSignup-ExampleUITests.xctest"; sourceTree = BUILT_PRODUCTS_DIR; };
		B258EA5A215A414100DE287C /* GitHubSignup_ExampleUITests.swift */ = {isa = PBXFileReference; lastKnownFileType = sourcecode.swift; path = GitHubSignup_ExampleUITests.swift; sourceTree = "<group>"; };
		B258EA5C215A414100DE287C /* Info.plist */ = {isa = PBXFileReference; lastKnownFileType = text.plist.xml; path = Info.plist; sourceTree = "<group>"; };
		B258EA69215A554400DE287C /* ValidationResult.swift */ = {isa = PBXFileReference; lastKnownFileType = sourcecode.swift; path = ValidationResult.swift; sourceTree = "<group>"; };
		B258EA6B215A5B3500DE287C /* GithubSignupViewModel1.swift */ = {isa = PBXFileReference; lastKnownFileType = sourcecode.swift; path = GithubSignupViewModel1.swift; sourceTree = "<group>"; };
		B258EA6F215A5E6100DE287C /* GitHub.swift */ = {isa = PBXFileReference; lastKnownFileType = sourcecode.swift; path = GitHub.swift; sourceTree = "<group>"; };
		B258EA71215A5FAB00DE287C /* Wireframe.swift */ = {isa = PBXFileReference; lastKnownFileType = sourcecode.swift; path = Wireframe.swift; sourceTree = "<group>"; };
		B258EA73215A6A0000DE287C /* DefaultImplementations.swift */ = {isa = PBXFileReference; lastKnownFileType = sourcecode.swift; path = DefaultImplementations.swift; sourceTree = "<group>"; };
		B258EA75215A6FBE00DE287C /* Swift.swift */ = {isa = PBXFileReference; lastKnownFileType = sourcecode.swift; path = Swift.swift; sourceTree = "<group>"; };
		C0BEBE26586AC60A203C336D /* Pods-GitHubSignup-ExampleUITests.release.xcconfig */ = {isa = PBXFileReference; includeInIndex = 1; lastKnownFileType = text.xcconfig; name = "Pods-GitHubSignup-ExampleUITests.release.xcconfig"; path = "Pods/Target Support Files/Pods-GitHubSignup-ExampleUITests/Pods-GitHubSignup-ExampleUITests.release.xcconfig"; sourceTree = "<group>"; };
		D60B6A811489F5FAD3CC2391 /* libPods-GitHubSignup-ExampleUITests.a */ = {isa = PBXFileReference; explicitFileType = archive.ar; includeInIndex = 0; path = "libPods-GitHubSignup-ExampleUITests.a"; sourceTree = BUILT_PRODUCTS_DIR; };
		EB804C01233C52BC98F7E0FB /* libPods-GitHubSignup-ExampleTests.a */ = {isa = PBXFileReference; explicitFileType = archive.ar; includeInIndex = 0; path = "libPods-GitHubSignup-ExampleTests.a"; sourceTree = BUILT_PRODUCTS_DIR; };
/* End PBXFileReference section */

/* Begin PBXFrameworksBuildPhase section */
		B258EA34215A414100DE287C /* Frameworks */ = {
			isa = PBXFrameworksBuildPhase;
			buildActionMask = 2147483647;
			files = (
				830CE8ECD0A2FB8713E8BA3F /* libPods-GitHubSignup-Example.a in Frameworks */,
			);
			runOnlyForDeploymentPostprocessing = 0;
		};
		B258EA48215A414100DE287C /* Frameworks */ = {
			isa = PBXFrameworksBuildPhase;
			buildActionMask = 2147483647;
			files = (
				87285853AE8FC1EF2474481B /* libPods-GitHubSignup-ExampleTests.a in Frameworks */,
			);
			runOnlyForDeploymentPostprocessing = 0;
		};
		B258EA53215A414100DE287C /* Frameworks */ = {
			isa = PBXFrameworksBuildPhase;
			buildActionMask = 2147483647;
			files = (
				848C2D7C58DFFA78354F75A3 /* libPods-GitHubSignup-ExampleUITests.a in Frameworks */,
			);
			runOnlyForDeploymentPostprocessing = 0;
		};
/* End PBXFrameworksBuildPhase section */

/* Begin PBXGroup section */
		88C27F8A36FA788484658681 /* Pods */ = {
			isa = PBXGroup;
			children = (
				2E54A6F7966312900D18B08D /* Pods-GitHubSignup-Example.debug.xcconfig */,
				519BB24BDC4ECDDC5E24BC61 /* Pods-GitHubSignup-Example.release.xcconfig */,
				181A77F7A71C1D2D909ACFBF /* Pods-GitHubSignup-ExampleTests.debug.xcconfig */,
				6201436823D025D9FC105823 /* Pods-GitHubSignup-ExampleTests.release.xcconfig */,
				9EB0F398CE93E0E88B0A0FC8 /* Pods-GitHubSignup-ExampleUITests.debug.xcconfig */,
				C0BEBE26586AC60A203C336D /* Pods-GitHubSignup-ExampleUITests.release.xcconfig */,
			);
			name = Pods;
			sourceTree = "<group>";
		};
		AD28CF876B58FAF8BBF46888 /* Frameworks */ = {
			isa = PBXGroup;
			children = (
				6F81A41AAA361ED67AF63F11 /* libPods-GitHubSignup-Example.a */,
				EB804C01233C52BC98F7E0FB /* libPods-GitHubSignup-ExampleTests.a */,
				D60B6A811489F5FAD3CC2391 /* libPods-GitHubSignup-ExampleUITests.a */,
			);
			name = Frameworks;
			sourceTree = "<group>";
		};
		B258EA2E215A414000DE287C = {
			isa = PBXGroup;
			children = (
				B258EA39215A414100DE287C /* GitHubSignup-Example */,
				B258EA4E215A414100DE287C /* GitHubSignup-ExampleTests */,
				B258EA59215A414100DE287C /* GitHubSignup-ExampleUITests */,
				B258EA38215A414100DE287C /* Products */,
				88C27F8A36FA788484658681 /* Pods */,
				AD28CF876B58FAF8BBF46888 /* Frameworks */,
			);
			sourceTree = "<group>";
		};
		B258EA38215A414100DE287C /* Products */ = {
			isa = PBXGroup;
			children = (
				B258EA37215A414100DE287C /* GitHubSignup-Example.app */,
				B258EA4B215A414100DE287C /* GitHubSignup-ExampleTests.xctest */,
				B258EA56215A414100DE287C /* GitHubSignup-ExampleUITests.xctest */,
			);
			name = Products;
			sourceTree = "<group>";
		};
		B258EA39215A414100DE287C /* GitHubSignup-Example */ = {
			isa = PBXGroup;
			children = (
				B258EA68215A552900DE287C /* Protocols */,
				B258EA3A215A414100DE287C /* AppDelegate.swift */,
				B258EA3C215A414100DE287C /* GitHubSignupViewController1.swift */,
				B258EA6B215A5B3500DE287C /* GithubSignupViewModel1.swift */,
				B258EA73215A6A0000DE287C /* DefaultImplementations.swift */,
				B258EA3E215A414100DE287C /* Main.storyboard */,
				B258EA41215A414100DE287C /* Assets.xcassets */,
				B258EA43215A414100DE287C /* LaunchScreen.storyboard */,
				B258EA46215A414100DE287C /* Info.plist */,
			);
			path = "GitHubSignup-Example";
			sourceTree = "<group>";
		};
		B258EA4E215A414100DE287C /* GitHubSignup-ExampleTests */ = {
			isa = PBXGroup;
			children = (
				B258EA4F215A414100DE287C /* GitHubSignup_ExampleTests.swift */,
				B258EA51215A414100DE287C /* Info.plist */,
			);
			path = "GitHubSignup-ExampleTests";
			sourceTree = "<group>";
		};
		B258EA59215A414100DE287C /* GitHubSignup-ExampleUITests */ = {
			isa = PBXGroup;
			children = (
				B258EA5A215A414100DE287C /* GitHubSignup_ExampleUITests.swift */,
				B258EA5C215A414100DE287C /* Info.plist */,
			);
			path = "GitHubSignup-ExampleUITests";
			sourceTree = "<group>";
		};
		B258EA68215A552900DE287C /* Protocols */ = {
			isa = PBXGroup;
			children = (
				B258EA69215A554400DE287C /* ValidationResult.swift */,
				B258EA6F215A5E6100DE287C /* GitHub.swift */,
				B258EA71215A5FAB00DE287C /* Wireframe.swift */,
				B258EA75215A6FBE00DE287C /* Swift.swift */,
			);
			path = Protocols;
			sourceTree = "<group>";
		};
/* End PBXGroup section */

/* Begin PBXNativeTarget section */
		B258EA36215A414100DE287C /* GitHubSignup-Example */ = {
			isa = PBXNativeTarget;
			buildConfigurationList = B258EA5F215A414100DE287C /* Build configuration list for PBXNativeTarget "GitHubSignup-Example" */;
			buildPhases = (
				70EDF973FB38CA8D76F19109 /* [CP] Check Pods Manifest.lock */,
				B258EA33215A414100DE287C /* Sources */,
				B258EA34215A414100DE287C /* Frameworks */,
				B258EA35215A414100DE287C /* Resources */,
			);
			buildRules = (
			);
			dependencies = (
			);
			name = "GitHubSignup-Example";
			productName = "GitHubSignup-Example";
			productReference = B258EA37215A414100DE287C /* GitHubSignup-Example.app */;
			productType = "com.apple.product-type.application";
		};
		B258EA4A215A414100DE287C /* GitHubSignup-ExampleTests */ = {
			isa = PBXNativeTarget;
			buildConfigurationList = B258EA62215A414100DE287C /* Build configuration list for PBXNativeTarget "GitHubSignup-ExampleTests" */;
			buildPhases = (
				E1D51EA58C0731A4312898F4 /* [CP] Check Pods Manifest.lock */,
				B258EA47215A414100DE287C /* Sources */,
				B258EA48215A414100DE287C /* Frameworks */,
				B258EA49215A414100DE287C /* Resources */,
			);
			buildRules = (
			);
			dependencies = (
				B258EA4D215A414100DE287C /* PBXTargetDependency */,
			);
			name = "GitHubSignup-ExampleTests";
			productName = "GitHubSignup-ExampleTests";
			productReference = B258EA4B215A414100DE287C /* GitHubSignup-ExampleTests.xctest */;
			productType = "com.apple.product-type.bundle.unit-test";
		};
		B258EA55215A414100DE287C /* GitHubSignup-ExampleUITests */ = {
			isa = PBXNativeTarget;
			buildConfigurationList = B258EA65215A414100DE287C /* Build configuration list for PBXNativeTarget "GitHubSignup-ExampleUITests" */;
			buildPhases = (
				C079F202C7ABA7D65C63DD94 /* [CP] Check Pods Manifest.lock */,
				B258EA52215A414100DE287C /* Sources */,
				B258EA53215A414100DE287C /* Frameworks */,
				B258EA54215A414100DE287C /* Resources */,
			);
			buildRules = (
			);
			dependencies = (
				B258EA58215A414100DE287C /* PBXTargetDependency */,
			);
			name = "GitHubSignup-ExampleUITests";
			productName = "GitHubSignup-ExampleUITests";
			productReference = B258EA56215A414100DE287C /* GitHubSignup-ExampleUITests.xctest */;
			productType = "com.apple.product-type.bundle.ui-testing";
		};
/* End PBXNativeTarget section */

/* Begin PBXProject section */
		B258EA2F215A414000DE287C /* Project object */ = {
			isa = PBXProject;
			attributes = {
				LastSwiftUpdateCheck = 1000;
				LastUpgradeCheck = 1000;
				ORGANIZATIONNAME = "佐藤賢";
				TargetAttributes = {
					B258EA36215A414100DE287C = {
						CreatedOnToolsVersion = 10.0;
					};
					B258EA4A215A414100DE287C = {
						CreatedOnToolsVersion = 10.0;
						TestTargetID = B258EA36215A414100DE287C;
					};
					B258EA55215A414100DE287C = {
						CreatedOnToolsVersion = 10.0;
						TestTargetID = B258EA36215A414100DE287C;
					};
				};
			};
			buildConfigurationList = B258EA32215A414000DE287C /* Build configuration list for PBXProject "GitHubSignup-Example" */;
			compatibilityVersion = "Xcode 9.3";
			developmentRegion = en;
			hasScannedForEncodings = 0;
			knownRegions = (
				en,
				Base,
			);
			mainGroup = B258EA2E215A414000DE287C;
			productRefGroup = B258EA38215A414100DE287C /* Products */;
			projectDirPath = "";
			projectRoot = "";
			targets = (
				B258EA36215A414100DE287C /* GitHubSignup-Example */,
				B258EA4A215A414100DE287C /* GitHubSignup-ExampleTests */,
				B258EA55215A414100DE287C /* GitHubSignup-ExampleUITests */,
			);
		};
/* End PBXProject section */

/* Begin PBXResourcesBuildPhase section */
		B258EA35215A414100DE287C /* Resources */ = {
			isa = PBXResourcesBuildPhase;
			buildActionMask = 2147483647;
			files = (
				B258EA45215A414100DE287C /* LaunchScreen.storyboard in Resources */,
				B258EA42215A414100DE287C /* Assets.xcassets in Resources */,
				B258EA40215A414100DE287C /* Main.storyboard in Resources */,
			);
			runOnlyForDeploymentPostprocessing = 0;
		};
		B258EA49215A414100DE287C /* Resources */ = {
			isa = PBXResourcesBuildPhase;
			buildActionMask = 2147483647;
			files = (
			);
			runOnlyForDeploymentPostprocessing = 0;
		};
		B258EA54215A414100DE287C /* Resources */ = {
			isa = PBXResourcesBuildPhase;
			buildActionMask = 2147483647;
			files = (
			);
			runOnlyForDeploymentPostprocessing = 0;
		};
/* End PBXResourcesBuildPhase section */

/* Begin PBXShellScriptBuildPhase section */
		70EDF973FB38CA8D76F19109 /* [CP] Check Pods Manifest.lock */ = {
			isa = PBXShellScriptBuildPhase;
			buildActionMask = 2147483647;
			files = (
			);
			inputPaths = (
				"${PODS_PODFILE_DIR_PATH}/Podfile.lock",
				"${PODS_ROOT}/Manifest.lock",
			);
			name = "[CP] Check Pods Manifest.lock";
			outputPaths = (
				"$(DERIVED_FILE_DIR)/Pods-GitHubSignup-Example-checkManifestLockResult.txt",
			);
			runOnlyForDeploymentPostprocessing = 0;
			shellPath = /bin/sh;
			shellScript = "diff \"${PODS_PODFILE_DIR_PATH}/Podfile.lock\" \"${PODS_ROOT}/Manifest.lock\" > /dev/null\nif [ $? != 0 ] ; then\n    # print error to STDERR\n    echo \"error: The sandbox is not in sync with the Podfile.lock. Run 'pod install' or update your CocoaPods installation.\" >&2\n    exit 1\nfi\n# This output is used by Xcode 'outputs' to avoid re-running this script phase.\necho \"SUCCESS\" > \"${SCRIPT_OUTPUT_FILE_0}\"\n";
			showEnvVarsInLog = 0;
		};
		C079F202C7ABA7D65C63DD94 /* [CP] Check Pods Manifest.lock */ = {
			isa = PBXShellScriptBuildPhase;
			buildActionMask = 2147483647;
			files = (
			);
			inputPaths = (
				"${PODS_PODFILE_DIR_PATH}/Podfile.lock",
				"${PODS_ROOT}/Manifest.lock",
			);
			name = "[CP] Check Pods Manifest.lock";
			outputPaths = (
				"$(DERIVED_FILE_DIR)/Pods-GitHubSignup-ExampleUITests-checkManifestLockResult.txt",
			);
			runOnlyForDeploymentPostprocessing = 0;
			shellPath = /bin/sh;
			shellScript = "diff \"${PODS_PODFILE_DIR_PATH}/Podfile.lock\" \"${PODS_ROOT}/Manifest.lock\" > /dev/null\nif [ $? != 0 ] ; then\n    # print error to STDERR\n    echo \"error: The sandbox is not in sync with the Podfile.lock. Run 'pod install' or update your CocoaPods installation.\" >&2\n    exit 1\nfi\n# This output is used by Xcode 'outputs' to avoid re-running this script phase.\necho \"SUCCESS\" > \"${SCRIPT_OUTPUT_FILE_0}\"\n";
			showEnvVarsInLog = 0;
		};
		E1D51EA58C0731A4312898F4 /* [CP] Check Pods Manifest.lock */ = {
			isa = PBXShellScriptBuildPhase;
			buildActionMask = 2147483647;
			files = (
			);
			inputPaths = (
				"${PODS_PODFILE_DIR_PATH}/Podfile.lock",
				"${PODS_ROOT}/Manifest.lock",
			);
			name = "[CP] Check Pods Manifest.lock";
			outputPaths = (
				"$(DERIVED_FILE_DIR)/Pods-GitHubSignup-ExampleTests-checkManifestLockResult.txt",
			);
			runOnlyForDeploymentPostprocessing = 0;
			shellPath = /bin/sh;
			shellScript = "diff \"${PODS_PODFILE_DIR_PATH}/Podfile.lock\" \"${PODS_ROOT}/Manifest.lock\" > /dev/null\nif [ $? != 0 ] ; then\n    # print error to STDERR\n    echo \"error: The sandbox is not in sync with the Podfile.lock. Run 'pod install' or update your CocoaPods installation.\" >&2\n    exit 1\nfi\n# This output is used by Xcode 'outputs' to avoid re-running this script phase.\necho \"SUCCESS\" > \"${SCRIPT_OUTPUT_FILE_0}\"\n";
			showEnvVarsInLog = 0;
		};
/* End PBXShellScriptBuildPhase section */

/* Begin PBXSourcesBuildPhase section */
		B258EA33215A414100DE287C /* Sources */ = {
			isa = PBXSourcesBuildPhase;
			buildActionMask = 2147483647;
			files = (
				B258EA74215A6A0000DE287C /* DefaultImplementations.swift in Sources */,
				B258EA70215A5E6100DE287C /* GitHub.swift in Sources */,
				B258EA3D215A414100DE287C /* GitHubSignupViewController1.swift in Sources */,
				B258EA76215A6FBE00DE287C /* Swift.swift in Sources */,
				B258EA72215A5FAB00DE287C /* Wireframe.swift in Sources */,
				B258EA6C215A5B3500DE287C /* GithubSignupViewModel1.swift in Sources */,
				B258EA3B215A414100DE287C /* AppDelegate.swift in Sources */,
				B258EA6A215A554400DE287C /* ValidationResult.swift in Sources */,
			);
			runOnlyForDeploymentPostprocessing = 0;
		};
		B258EA47215A414100DE287C /* Sources */ = {
			isa = PBXSourcesBuildPhase;
			buildActionMask = 2147483647;
			files = (
				B258EA50215A414100DE287C /* GitHubSignup_ExampleTests.swift in Sources */,
			);
			runOnlyForDeploymentPostprocessing = 0;
		};
		B258EA52215A414100DE287C /* Sources */ = {
			isa = PBXSourcesBuildPhase;
			buildActionMask = 2147483647;
			files = (
				B258EA5B215A414100DE287C /* GitHubSignup_ExampleUITests.swift in Sources */,
			);
			runOnlyForDeploymentPostprocessing = 0;
		};
/* End PBXSourcesBuildPhase section */

/* Begin PBXTargetDependency section */
		B258EA4D215A414100DE287C /* PBXTargetDependency */ = {
			isa = PBXTargetDependency;
			target = B258EA36215A414100DE287C /* GitHubSignup-Example */;
			targetProxy = B258EA4C215A414100DE287C /* PBXContainerItemProxy */;
		};
		B258EA58215A414100DE287C /* PBXTargetDependency */ = {
			isa = PBXTargetDependency;
			target = B258EA36215A414100DE287C /* GitHubSignup-Example */;
			targetProxy = B258EA57215A414100DE287C /* PBXContainerItemProxy */;
		};
/* End PBXTargetDependency section */

/* Begin PBXVariantGroup section */
		B258EA3E215A414100DE287C /* Main.storyboard */ = {
			isa = PBXVariantGroup;
			children = (
				B258EA3F215A414100DE287C /* Base */,
			);
			name = Main.storyboard;
			sourceTree = "<group>";
		};
		B258EA43215A414100DE287C /* LaunchScreen.storyboard */ = {
			isa = PBXVariantGroup;
			children = (
				B258EA44215A414100DE287C /* Base */,
			);
			name = LaunchScreen.storyboard;
			sourceTree = "<group>";
		};
/* End PBXVariantGroup section */

/* Begin XCBuildConfiguration section */
		B258EA5D215A414100DE287C /* Debug */ = {
			isa = XCBuildConfiguration;
			buildSettings = {
				ALWAYS_SEARCH_USER_PATHS = NO;
				CLANG_ANALYZER_NONNULL = YES;
				CLANG_ANALYZER_NUMBER_OBJECT_CONVERSION = YES_AGGRESSIVE;
				CLANG_CXX_LANGUAGE_STANDARD = "gnu++14";
				CLANG_CXX_LIBRARY = "libc++";
				CLANG_ENABLE_MODULES = YES;
				CLANG_ENABLE_OBJC_ARC = YES;
				CLANG_ENABLE_OBJC_WEAK = YES;
				CLANG_WARN_BLOCK_CAPTURE_AUTORELEASING = YES;
				CLANG_WARN_BOOL_CONVERSION = YES;
				CLANG_WARN_COMMA = YES;
				CLANG_WARN_CONSTANT_CONVERSION = YES;
				CLANG_WARN_DEPRECATED_OBJC_IMPLEMENTATIONS = YES;
				CLANG_WARN_DIRECT_OBJC_ISA_USAGE = YES_ERROR;
				CLANG_WARN_DOCUMENTATION_COMMENTS = YES;
				CLANG_WARN_EMPTY_BODY = YES;
				CLANG_WARN_ENUM_CONVERSION = YES;
				CLANG_WARN_INFINITE_RECURSION = YES;
				CLANG_WARN_INT_CONVERSION = YES;
				CLANG_WARN_NON_LITERAL_NULL_CONVERSION = YES;
				CLANG_WARN_OBJC_IMPLICIT_RETAIN_SELF = YES;
				CLANG_WARN_OBJC_LITERAL_CONVERSION = YES;
				CLANG_WARN_OBJC_ROOT_CLASS = YES_ERROR;
				CLANG_WARN_RANGE_LOOP_ANALYSIS = YES;
				CLANG_WARN_STRICT_PROTOTYPES = YES;
				CLANG_WARN_SUSPICIOUS_MOVE = YES;
				CLANG_WARN_UNGUARDED_AVAILABILITY = YES_AGGRESSIVE;
				CLANG_WARN_UNREACHABLE_CODE = YES;
				CLANG_WARN__DUPLICATE_METHOD_MATCH = YES;
				CODE_SIGN_IDENTITY = "iPhone Developer";
				COPY_PHASE_STRIP = NO;
				DEBUG_INFORMATION_FORMAT = dwarf;
				ENABLE_STRICT_OBJC_MSGSEND = YES;
				ENABLE_TESTABILITY = YES;
				GCC_C_LANGUAGE_STANDARD = gnu11;
				GCC_DYNAMIC_NO_PIC = NO;
				GCC_NO_COMMON_BLOCKS = YES;
				GCC_OPTIMIZATION_LEVEL = 0;
				GCC_PREPROCESSOR_DEFINITIONS = (
					"DEBUG=1",
					"$(inherited)",
				);
				GCC_WARN_64_TO_32_BIT_CONVERSION = YES;
				GCC_WARN_ABOUT_RETURN_TYPE = YES_ERROR;
				GCC_WARN_UNDECLARED_SELECTOR = YES;
				GCC_WARN_UNINITIALIZED_AUTOS = YES_AGGRESSIVE;
				GCC_WARN_UNUSED_FUNCTION = YES;
				GCC_WARN_UNUSED_VARIABLE = YES;
				IPHONEOS_DEPLOYMENT_TARGET = 12.0;
				MTL_ENABLE_DEBUG_INFO = INCLUDE_SOURCE;
				MTL_FAST_MATH = YES;
				ONLY_ACTIVE_ARCH = YES;
				SDKROOT = iphoneos;
				SWIFT_ACTIVE_COMPILATION_CONDITIONS = DEBUG;
				SWIFT_OPTIMIZATION_LEVEL = "-Onone";
			};
			name = Debug;
		};
		B258EA5E215A414100DE287C /* Release */ = {
			isa = XCBuildConfiguration;
			buildSettings = {
				ALWAYS_SEARCH_USER_PATHS = NO;
				CLANG_ANALYZER_NONNULL = YES;
				CLANG_ANALYZER_NUMBER_OBJECT_CONVERSION = YES_AGGRESSIVE;
				CLANG_CXX_LANGUAGE_STANDARD = "gnu++14";
				CLANG_CXX_LIBRARY = "libc++";
				CLANG_ENABLE_MODULES = YES;
				CLANG_ENABLE_OBJC_ARC = YES;
				CLANG_ENABLE_OBJC_WEAK = YES;
				CLANG_WARN_BLOCK_CAPTURE_AUTORELEASING = YES;
				CLANG_WARN_BOOL_CONVERSION = YES;
				CLANG_WARN_COMMA = YES;
				CLANG_WARN_CONSTANT_CONVERSION = YES;
				CLANG_WARN_DEPRECATED_OBJC_IMPLEMENTATIONS = YES;
				CLANG_WARN_DIRECT_OBJC_ISA_USAGE = YES_ERROR;
				CLANG_WARN_DOCUMENTATION_COMMENTS = YES;
				CLANG_WARN_EMPTY_BODY = YES;
				CLANG_WARN_ENUM_CONVERSION = YES;
				CLANG_WARN_INFINITE_RECURSION = YES;
				CLANG_WARN_INT_CONVERSION = YES;
				CLANG_WARN_NON_LITERAL_NULL_CONVERSION = YES;
				CLANG_WARN_OBJC_IMPLICIT_RETAIN_SELF = YES;
				CLANG_WARN_OBJC_LITERAL_CONVERSION = YES;
				CLANG_WARN_OBJC_ROOT_CLASS = YES_ERROR;
				CLANG_WARN_RANGE_LOOP_ANALYSIS = YES;
				CLANG_WARN_STRICT_PROTOTYPES = YES;
				CLANG_WARN_SUSPICIOUS_MOVE = YES;
				CLANG_WARN_UNGUARDED_AVAILABILITY = YES_AGGRESSIVE;
				CLANG_WARN_UNREACHABLE_CODE = YES;
				CLANG_WARN__DUPLICATE_METHOD_MATCH = YES;
				CODE_SIGN_IDENTITY = "iPhone Developer";
				COPY_PHASE_STRIP = NO;
				DEBUG_INFORMATION_FORMAT = "dwarf-with-dsym";
				ENABLE_NS_ASSERTIONS = NO;
				ENABLE_STRICT_OBJC_MSGSEND = YES;
				GCC_C_LANGUAGE_STANDARD = gnu11;
				GCC_NO_COMMON_BLOCKS = YES;
				GCC_WARN_64_TO_32_BIT_CONVERSION = YES;
				GCC_WARN_ABOUT_RETURN_TYPE = YES_ERROR;
				GCC_WARN_UNDECLARED_SELECTOR = YES;
				GCC_WARN_UNINITIALIZED_AUTOS = YES_AGGRESSIVE;
				GCC_WARN_UNUSED_FUNCTION = YES;
				GCC_WARN_UNUSED_VARIABLE = YES;
				IPHONEOS_DEPLOYMENT_TARGET = 12.0;
				MTL_ENABLE_DEBUG_INFO = NO;
				MTL_FAST_MATH = YES;
				SDKROOT = iphoneos;
				SWIFT_COMPILATION_MODE = wholemodule;
				SWIFT_OPTIMIZATION_LEVEL = "-O";
				VALIDATE_PRODUCT = YES;
			};
			name = Release;
		};
		B258EA60215A414100DE287C /* Debug */ = {
			isa = XCBuildConfiguration;
			baseConfigurationReference = 2E54A6F7966312900D18B08D /* Pods-GitHubSignup-Example.debug.xcconfig */;
			buildSettings = {
				ASSETCATALOG_COMPILER_APPICON_NAME = AppIcon;
				CODE_SIGN_STYLE = Automatic;
				DEVELOPMENT_TEAM = JL94BNBL3S;
				INFOPLIST_FILE = "GitHubSignup-Example/Info.plist";
				LD_RUNPATH_SEARCH_PATHS = (
					"$(inherited)",
					"@executable_path/Frameworks",
				);
				PRODUCT_BUNDLE_IDENTIFIER = "ken.GitHubSignup-Example";
				PRODUCT_NAME = "$(TARGET_NAME)";
				SWIFT_VERSION = 4.2;
				TARGETED_DEVICE_FAMILY = "1,2";
			};
			name = Debug;
		};
		B258EA61215A414100DE287C /* Release */ = {
			isa = XCBuildConfiguration;
			baseConfigurationReference = 519BB24BDC4ECDDC5E24BC61 /* Pods-GitHubSignup-Example.release.xcconfig */;
			buildSettings = {
				ASSETCATALOG_COMPILER_APPICON_NAME = AppIcon;
				CODE_SIGN_STYLE = Automatic;
				DEVELOPMENT_TEAM = JL94BNBL3S;
				INFOPLIST_FILE = "GitHubSignup-Example/Info.plist";
				LD_RUNPATH_SEARCH_PATHS = (
					"$(inherited)",
					"@executable_path/Frameworks",
				);
				PRODUCT_BUNDLE_IDENTIFIER = "ken.GitHubSignup-Example";
				PRODUCT_NAME = "$(TARGET_NAME)";
				SWIFT_VERSION = 4.2;
				TARGETED_DEVICE_FAMILY = "1,2";
			};
			name = Release;
		};
		B258EA63215A414100DE287C /* Debug */ = {
			isa = XCBuildConfiguration;
			baseConfigurationReference = 181A77F7A71C1D2D909ACFBF /* Pods-GitHubSignup-ExampleTests.debug.xcconfig */;
			buildSettings = {
				ALWAYS_EMBED_SWIFT_STANDARD_LIBRARIES = YES;
				BUNDLE_LOADER = "$(TEST_HOST)";
				CODE_SIGN_STYLE = Automatic;
				DEVELOPMENT_TEAM = JL94BNBL3S;
				INFOPLIST_FILE = "GitHubSignup-ExampleTests/Info.plist";
				LD_RUNPATH_SEARCH_PATHS = (
					"$(inherited)",
					"@executable_path/Frameworks",
					"@loader_path/Frameworks",
				);
				PRODUCT_BUNDLE_IDENTIFIER = "ken.GitHubSignup-ExampleTests";
				PRODUCT_NAME = "$(TARGET_NAME)";
				SWIFT_VERSION = 4.2;
				TARGETED_DEVICE_FAMILY = "1,2";
				TEST_HOST = "$(BUILT_PRODUCTS_DIR)/GitHubSignup-Example.app/GitHubSignup-Example";
			};
			name = Debug;
		};
		B258EA64215A414100DE287C /* Release */ = {
			isa = XCBuildConfiguration;
			baseConfigurationReference = 6201436823D025D9FC105823 /* Pods-GitHubSignup-ExampleTests.release.xcconfig */;
			buildSettings = {
				ALWAYS_EMBED_SWIFT_STANDARD_LIBRARIES = YES;
				BUNDLE_LOADER = "$(TEST_HOST)";
				CODE_SIGN_STYLE = Automatic;
				DEVELOPMENT_TEAM = JL94BNBL3S;
				INFOPLIST_FILE = "GitHubSignup-ExampleTests/Info.plist";
				LD_RUNPATH_SEARCH_PATHS = (
					"$(inherited)",
					"@executable_path/Frameworks",
					"@loader_path/Frameworks",
				);
				PRODUCT_BUNDLE_IDENTIFIER = "ken.GitHubSignup-ExampleTests";
				PRODUCT_NAME = "$(TARGET_NAME)";
				SWIFT_VERSION = 4.2;
				TARGETED_DEVICE_FAMILY = "1,2";
				TEST_HOST = "$(BUILT_PRODUCTS_DIR)/GitHubSignup-Example.app/GitHubSignup-Example";
			};
			name = Release;
		};
		B258EA66215A414100DE287C /* Debug */ = {
			isa = XCBuildConfiguration;
			baseConfigurationReference = 9EB0F398CE93E0E88B0A0FC8 /* Pods-GitHubSignup-ExampleUITests.debug.xcconfig */;
			buildSettings = {
				ALWAYS_EMBED_SWIFT_STANDARD_LIBRARIES = YES;
				CODE_SIGN_STYLE = Automatic;
				DEVELOPMENT_TEAM = JL94BNBL3S;
				INFOPLIST_FILE = "GitHubSignup-ExampleUITests/Info.plist";
				LD_RUNPATH_SEARCH_PATHS = (
					"$(inherited)",
					"@executable_path/Frameworks",
					"@loader_path/Frameworks",
				);
				PRODUCT_BUNDLE_IDENTIFIER = "ken.GitHubSignup-ExampleUITests";
				PRODUCT_NAME = "$(TARGET_NAME)";
				SWIFT_VERSION = 4.2;
				TARGETED_DEVICE_FAMILY = "1,2";
				TEST_TARGET_NAME = "GitHubSignup-Example";
			};
			name = Debug;
		};
		B258EA67215A414100DE287C /* Release */ = {
			isa = XCBuildConfiguration;
			baseConfigurationReference = C0BEBE26586AC60A203C336D /* Pods-GitHubSignup-ExampleUITests.release.xcconfig */;
			buildSettings = {
				ALWAYS_EMBED_SWIFT_STANDARD_LIBRARIES = YES;
				CODE_SIGN_STYLE = Automatic;
				DEVELOPMENT_TEAM = JL94BNBL3S;
				INFOPLIST_FILE = "GitHubSignup-ExampleUITests/Info.plist";
				LD_RUNPATH_SEARCH_PATHS = (
					"$(inherited)",
					"@executable_path/Frameworks",
					"@loader_path/Frameworks",
				);
				PRODUCT_BUNDLE_IDENTIFIER = "ken.GitHubSignup-ExampleUITests";
				PRODUCT_NAME = "$(TARGET_NAME)";
				SWIFT_VERSION = 4.2;
				TARGETED_DEVICE_FAMILY = "1,2";
				TEST_TARGET_NAME = "GitHubSignup-Example";
			};
			name = Release;
		};
/* End XCBuildConfiguration section */

/* Begin XCConfigurationList section */
		B258EA32215A414000DE287C /* Build configuration list for PBXProject "GitHubSignup-Example" */ = {
			isa = XCConfigurationList;
			buildConfigurations = (
				B258EA5D215A414100DE287C /* Debug */,
				B258EA5E215A414100DE287C /* Release */,
			);
			defaultConfigurationIsVisible = 0;
			defaultConfigurationName = Release;
		};
		B258EA5F215A414100DE287C /* Build configuration list for PBXNativeTarget "GitHubSignup-Example" */ = {
			isa = XCConfigurationList;
			buildConfigurations = (
				B258EA60215A414100DE287C /* Debug */,
				B258EA61215A414100DE287C /* Release */,
			);
			defaultConfigurationIsVisible = 0;
			defaultConfigurationName = Release;
		};
		B258EA62215A414100DE287C /* Build configuration list for PBXNativeTarget "GitHubSignup-ExampleTests" */ = {
			isa = XCConfigurationList;
			buildConfigurations = (
				B258EA63215A414100DE287C /* Debug */,
				B258EA64215A414100DE287C /* Release */,
			);
			defaultConfigurationIsVisible = 0;
			defaultConfigurationName = Release;
		};
		B258EA65215A414100DE287C /* Build configuration list for PBXNativeTarget "GitHubSignup-ExampleUITests" */ = {
			isa = XCConfigurationList;
			buildConfigurations = (
				B258EA66215A414100DE287C /* Debug */,
				B258EA67215A414100DE287C /* Release */,
			);
			defaultConfigurationIsVisible = 0;
			defaultConfigurationName = Release;
		};
/* End XCConfigurationList section */
	};
	rootObject = B258EA2F215A414000DE287C /* Project object */;
}
